// !$*UTF8*$!
{
	archiveVersion = 1;
	classes = {
	};
	objectVersion = 50;
	objects = {

/* Begin PBXBuildFile section */
		EDB4D2202422B6AE00A46C04 /* main.c in Sources */ = {isa = PBXBuildFile; fileRef = EDB4D21F2422B6AE00A46C04 /* main.c */; };
		EDB4D2292422B98800A46C04 /* monde.c in Sources */ = {isa = PBXBuildFile; fileRef = EDB4D2282422B98800A46C04 /* monde.c */; };
		EDB4D22B2422C82A00A46C04 /* chats.c in Sources */ = {isa = PBXBuildFile; fileRef = EDB4D22A2422C82A00A46C04 /* chats.c */; };
		EDB4D22D2422C85700A46C04 /* souris.c in Sources */ = {isa = PBXBuildFile; fileRef = EDB4D22C2422C85700A46C04 /* souris.c */; };
		EDCB20DF24267F1100CAD30C /* souris.c in Sources */ = {isa = PBXBuildFile; fileRef = EDCB20DE24267F1100CAD30C /* souris.c */; };
		EDCB20F72427FB5400CAD30C /* souris1.c in Sources */ = {isa = PBXBuildFile; fileRef = EDCB20F62427FB5400CAD30C /* souris1.c */; };
		EDCB20F92427FB7600CAD30C /* souris2.c in Sources */ = {isa = PBXBuildFile; fileRef = EDCB20F82427FB7600CAD30C /* souris2.c */; };
		EDCB20FB2427FB8400CAD30C /* souris3.c in Sources */ = {isa = PBXBuildFile; fileRef = EDCB20FA2427FB8400CAD30C /* souris3.c */; };
		EDCB20FD2427FB9200CAD30C /* souris4.c in Sources */ = {isa = PBXBuildFile; fileRef = EDCB20FC2427FB9200CAD30C /* souris4.c */; };
		EDCB20FF2427FB9F00CAD30C /* souris5.c in Sources */ = {isa = PBXBuildFile; fileRef = EDCB20FE2427FB9F00CAD30C /* souris5.c */; };
/* End PBXBuildFile section */

/* Begin PBXCopyFilesBuildPhase section */
		EDB4D21A2422B6AE00A46C04 /* CopyFiles */ = {
			isa = PBXCopyFilesBuildPhase;
			buildActionMask = 2147483647;
			dstPath = /usr/share/man/man1/;
			dstSubfolderSpec = 0;
			files = (
			);
			runOnlyForDeploymentPostprocessing = 1;
		};
/* End PBXCopyFilesBuildPhase section */

/* Begin PBXFileReference section */
		EDB4D21C2422B6AE00A46C04 /* gare_aux_chats */ = {isa = PBXFileReference; explicitFileType = "compiled.mach-o.executable"; includeInIndex = 0; path = gare_aux_chats; sourceTree = BUILT_PRODUCTS_DIR; };
		EDB4D21F2422B6AE00A46C04 /* main.c */ = {isa = PBXFileReference; lastKnownFileType = sourcecode.c.c; path = main.c; sourceTree = "<group>"; };
		EDB4D2272422B90B00A46C04 /* fonctions.h */ = {isa = PBXFileReference; lastKnownFileType = sourcecode.c.h; path = fonctions.h; sourceTree = "<group>"; };
		EDB4D2282422B98800A46C04 /* monde.c */ = {isa = PBXFileReference; lastKnownFileType = sourcecode.c.c; path = monde.c; sourceTree = "<group>"; };
		EDB4D22A2422C82A00A46C04 /* chats.c */ = {isa = PBXFileReference; lastKnownFileType = sourcecode.c.c; path = chats.c; sourceTree = "<group>"; };
		EDB4D22C2422C85700A46C04 /* souris.c */ = {isa = PBXFileReference; lastKnownFileType = sourcecode.c.c; path = souris.c; sourceTree = "<group>"; };
		EDCB20D72424205C00CAD30C /* Note */ = {isa = PBXFileReference; lastKnownFileType = text; path = Note; sourceTree = "<group>"; };
		EDCB20DE24267F1100CAD30C /* souris.c */ = {isa = PBXFileReference; lastKnownFileType = sourcecode.c.c; path = souris.c; sourceTree = "<group>"; };
		EDCB20F62427FB5400CAD30C /* souris1.c */ = {isa = PBXFileReference; lastKnownFileType = sourcecode.c.c; path = souris1.c; sourceTree = "<group>"; };
		EDCB20F82427FB7600CAD30C /* souris2.c */ = {isa = PBXFileReference; lastKnownFileType = sourcecode.c.c; path = souris2.c; sourceTree = "<group>"; };
		EDCB20FA2427FB8400CAD30C /* souris3.c */ = {isa = PBXFileReference; lastKnownFileType = sourcecode.c.c; path = souris3.c; sourceTree = "<group>"; };
		EDCB20FC2427FB9200CAD30C /* souris4.c */ = {isa = PBXFileReference; lastKnownFileType = sourcecode.c.c; path = souris4.c; sourceTree = "<group>"; };
		EDCB20FE2427FB9F00CAD30C /* souris5.c */ = {isa = PBXFileReference; lastKnownFileType = sourcecode.c.c; path = souris5.c; sourceTree = "<group>"; };
/* End PBXFileReference section */

/* Begin PBXFrameworksBuildPhase section */
		EDB4D2192422B6AE00A46C04 /* Frameworks */ = {
			isa = PBXFrameworksBuildPhase;
			buildActionMask = 2147483647;
			files = (
			);
			runOnlyForDeploymentPostprocessing = 0;
		};
/* End PBXFrameworksBuildPhase section */

/* Begin PBXGroup section */
		EDB4D2132422B6AD00A46C04 = {
			isa = PBXGroup;
			children = (
				EDCB20D72424205C00CAD30C /* Note */,
				EDCB20F52427FAFF00CAD30C /* souris */,
				EDB4D21E2422B6AE00A46C04 /* source */,
				EDB4D21D2422B6AE00A46C04 /* Products */,
			);
			sourceTree = "<group>";
		};
		EDB4D21D2422B6AE00A46C04 /* Products */ = {
			isa = PBXGroup;
			children = (
				EDB4D21C2422B6AE00A46C04 /* gare_aux_chats */,
			);
			name = Products;
			sourceTree = "<group>";
		};
		EDB4D21E2422B6AE00A46C04 /* source */ = {
			isa = PBXGroup;
			children = (
				EDB4D21F2422B6AE00A46C04 /* main.c */,
				EDB4D2272422B90B00A46C04 /* fonctions.h */,
				EDB4D22C2422C85700A46C04 /* souris.c */,
				EDB4D2282422B98800A46C04 /* monde.c */,
				EDB4D22A2422C82A00A46C04 /* chats.c */,
			);
			path = source;
			sourceTree = "<group>";
		};
		EDCB20F52427FAFF00CAD30C /* souris */ = {
			isa = PBXGroup;
			children = (
				EDCB20DE24267F1100CAD30C /* souris.c */,
				EDCB20F62427FB5400CAD30C /* souris1.c */,
				EDCB20F82427FB7600CAD30C /* souris2.c */,
				EDCB20FA2427FB8400CAD30C /* souris3.c */,
				EDCB20FC2427FB9200CAD30C /* souris4.c */,
				EDCB20FE2427FB9F00CAD30C /* souris5.c */,
			);
			path = souris;
			sourceTree = "<group>";
		};
/* End PBXGroup section */

/* Begin PBXNativeTarget section */
		EDB4D21B2422B6AE00A46C04 /* gare_aux_chats */ = {
			isa = PBXNativeTarget;
			buildConfigurationList = EDB4D2232422B6AE00A46C04 /* Build configuration list for PBXNativeTarget "gare_aux_chats" */;
			buildPhases = (
				EDB4D2182422B6AE00A46C04 /* Sources */,
				EDB4D2192422B6AE00A46C04 /* Frameworks */,
				EDB4D21A2422B6AE00A46C04 /* CopyFiles */,
			);
			buildRules = (
			);
			dependencies = (
			);
			name = gare_aux_chats;
			productName = zombies;
			productReference = EDB4D21C2422B6AE00A46C04 /* gare_aux_chats */;
			productType = "com.apple.product-type.tool";
		};
/* End PBXNativeTarget section */

/* Begin PBXProject section */
		EDB4D2142422B6AD00A46C04 /* Project object */ = {
			isa = PBXProject;
			attributes = {
				LastUpgradeCheck = 1130;
				ORGANIZATIONNAME = "Pierrick Delrieu";
				TargetAttributes = {
					EDB4D21B2422B6AE00A46C04 = {
						CreatedOnToolsVersion = 11.3.1;
					};
				};
			};
			buildConfigurationList = EDB4D2172422B6AD00A46C04 /* Build configuration list for PBXProject "gare_aux_chats" */;
			compatibilityVersion = "Xcode 9.3";
			developmentRegion = en;
			hasScannedForEncodings = 0;
			knownRegions = (
				en,
				Base,
			);
			mainGroup = EDB4D2132422B6AD00A46C04;
			productRefGroup = EDB4D21D2422B6AE00A46C04 /* Products */;
			projectDirPath = "";
			projectRoot = "";
			targets = (
				EDB4D21B2422B6AE00A46C04 /* gare_aux_chats */,
			);
		};
/* End PBXProject section */

/* Begin PBXSourcesBuildPhase section */
		EDB4D2182422B6AE00A46C04 /* Sources */ = {
			isa = PBXSourcesBuildPhase;
			buildActionMask = 2147483647;
			files = (
				EDB4D2292422B98800A46C04 /* monde.c in Sources */,
				EDCB20FD2427FB9200CAD30C /* souris4.c in Sources */,
				EDB4D22D2422C85700A46C04 /* souris.c in Sources */,
				EDCB20FB2427FB8400CAD30C /* souris3.c in Sources */,
				EDB4D22B2422C82A00A46C04 /* chats.c in Sources */,
				EDCB20DF24267F1100CAD30C /* souris.c in Sources */,
				EDCB20FF2427FB9F00CAD30C /* souris5.c in Sources */,
				EDCB20F72427FB5400CAD30C /* souris1.c in Sources */,
				EDB4D2202422B6AE00A46C04 /* main.c in Sources */,
				EDCB20F92427FB7600CAD30C /* souris2.c in Sources */,
			);
			runOnlyForDeploymentPostprocessing = 0;
		};
/* End PBXSourcesBuildPhase section */

/* Begin XCBuildConfiguration section */
		EDB4D2212422B6AE00A46C04 /* Debug */ = {
			isa = XCBuildConfiguration;
			buildSettings = {
				ALWAYS_SEARCH_USER_PATHS = NO;
				CLANG_ANALYZER_NONNULL = YES;
				CLANG_ANALYZER_NUMBER_OBJECT_CONVERSION = YES_AGGRESSIVE;
				CLANG_CXX_LANGUAGE_STANDARD = "gnu++14";
				CLANG_CXX_LIBRARY = "libc++";
				CLANG_ENABLE_MODULES = YES;
				CLANG_ENABLE_OBJC_ARC = YES;
				CLANG_ENABLE_OBJC_WEAK = YES;
				CLANG_WARN_BLOCK_CAPTURE_AUTORELEASING = YES;
				CLANG_WARN_BOOL_CONVERSION = YES;
				CLANG_WARN_COMMA = YES;
				CLANG_WARN_CONSTANT_CONVERSION = YES;
				CLANG_WARN_DEPRECATED_OBJC_IMPLEMENTATIONS = YES;
				CLANG_WARN_DIRECT_OBJC_ISA_USAGE = YES_ERROR;
				CLANG_WARN_DOCUMENTATION_COMMENTS = YES;
				CLANG_WARN_EMPTY_BODY = YES;
				CLANG_WARN_ENUM_CONVERSION = YES;
				CLANG_WARN_INFINITE_RECURSION = YES;
				CLANG_WARN_INT_CONVERSION = YES;
				CLANG_WARN_NON_LITERAL_NULL_CONVERSION = YES;
				CLANG_WARN_OBJC_IMPLICIT_RETAIN_SELF = YES;
				CLANG_WARN_OBJC_LITERAL_CONVERSION = YES;
				CLANG_WARN_OBJC_ROOT_CLASS = YES_ERROR;
				CLANG_WARN_RANGE_LOOP_ANALYSIS = YES;
				CLANG_WARN_STRICT_PROTOTYPES = YES;
				CLANG_WARN_SUSPICIOUS_MOVE = YES;
				CLANG_WARN_UNGUARDED_AVAILABILITY = YES_AGGRESSIVE;
				CLANG_WARN_UNREACHABLE_CODE = YES;
				CLANG_WARN__DUPLICATE_METHOD_MATCH = YES;
				COPY_PHASE_STRIP = NO;
				DEBUG_INFORMATION_FORMAT = dwarf;
				ENABLE_STRICT_OBJC_MSGSEND = YES;
				ENABLE_TESTABILITY = YES;
				GCC_C_LANGUAGE_STANDARD = gnu11;
				GCC_DYNAMIC_NO_PIC = NO;
				GCC_NO_COMMON_BLOCKS = YES;
				GCC_OPTIMIZATION_LEVEL = 0;
				GCC_PREPROCESSOR_DEFINITIONS = (
					"DEBUG=1",
					"$(inherited)",
				);
				GCC_WARN_64_TO_32_BIT_CONVERSION = YES;
				GCC_WARN_ABOUT_RETURN_TYPE = YES_ERROR;
				GCC_WARN_UNDECLARED_SELECTOR = YES;
				GCC_WARN_UNINITIALIZED_AUTOS = YES_AGGRESSIVE;
				GCC_WARN_UNUSED_FUNCTION = YES;
				GCC_WARN_UNUSED_VARIABLE = YES;
				MACOSX_DEPLOYMENT_TARGET = 10.15;
				MTL_ENABLE_DEBUG_INFO = INCLUDE_SOURCE;
				MTL_FAST_MATH = YES;
				ONLY_ACTIVE_ARCH = YES;
				SDKROOT = macosx;
			};
			name = Debug;
		};
		EDB4D2222422B6AE00A46C04 /* Release */ = {
			isa = XCBuildConfiguration;
			buildSettings = {
				ALWAYS_SEARCH_USER_PATHS = NO;
				CLANG_ANALYZER_NONNULL = YES;
				CLANG_ANALYZER_NUMBER_OBJECT_CONVERSION = YES_AGGRESSIVE;
				CLANG_CXX_LANGUAGE_STANDARD = "gnu++14";
				CLANG_CXX_LIBRARY = "libc++";
				CLANG_ENABLE_MODULES = YES;
				CLANG_ENABLE_OBJC_ARC = YES;
				CLANG_ENABLE_OBJC_WEAK = YES;
				CLANG_WARN_BLOCK_CAPTURE_AUTORELEASING = YES;
				CLANG_WARN_BOOL_CONVERSION = YES;
				CLANG_WARN_COMMA = YES;
				CLANG_WARN_CONSTANT_CONVERSION = YES;
				CLANG_WARN_DEPRECATED_OBJC_IMPLEMENTATIONS = YES;
				CLANG_WARN_DIRECT_OBJC_ISA_USAGE = YES_ERROR;
				CLANG_WARN_DOCUMENTATION_COMMENTS = YES;
				CLANG_WARN_EMPTY_BODY = YES;
				CLANG_WARN_ENUM_CONVERSION = YES;
				CLANG_WARN_INFINITE_RECURSION = YES;
				CLANG_WARN_INT_CONVERSION = YES;
				CLANG_WARN_NON_LITERAL_NULL_CONVERSION = YES;
				CLANG_WARN_OBJC_IMPLICIT_RETAIN_SELF = YES;
				CLANG_WARN_OBJC_LITERAL_CONVERSION = YES;
				CLANG_WARN_OBJC_ROOT_CLASS = YES_ERROR;
				CLANG_WARN_RANGE_LOOP_ANALYSIS = YES;
				CLANG_WARN_STRICT_PROTOTYPES = YES;
				CLANG_WARN_SUSPICIOUS_MOVE = YES;
				CLANG_WARN_UNGUARDED_AVAILABILITY = YES_AGGRESSIVE;
				CLANG_WARN_UNREACHABLE_CODE = YES;
				CLANG_WARN__DUPLICATE_METHOD_MATCH = YES;
				COPY_PHASE_STRIP = NO;
				DEBUG_INFORMATION_FORMAT = "dwarf-with-dsym";
				ENABLE_NS_ASSERTIONS = NO;
				ENABLE_STRICT_OBJC_MSGSEND = YES;
				GCC_C_LANGUAGE_STANDARD = gnu11;
				GCC_NO_COMMON_BLOCKS = YES;
				GCC_WARN_64_TO_32_BIT_CONVERSION = YES;
				GCC_WARN_ABOUT_RETURN_TYPE = YES_ERROR;
				GCC_WARN_UNDECLARED_SELECTOR = YES;
				GCC_WARN_UNINITIALIZED_AUTOS = YES_AGGRESSIVE;
				GCC_WARN_UNUSED_FUNCTION = YES;
				GCC_WARN_UNUSED_VARIABLE = YES;
				MACOSX_DEPLOYMENT_TARGET = 10.15;
				MTL_ENABLE_DEBUG_INFO = NO;
				MTL_FAST_MATH = YES;
				SDKROOT = macosx;
			};
			name = Release;
		};
		EDB4D2242422B6AE00A46C04 /* Debug */ = {
			isa = XCBuildConfiguration;
			buildSettings = {
				CODE_SIGN_STYLE = Automatic;
				PRODUCT_NAME = "$(TARGET_NAME)";
			};
			name = Debug;
		};
		EDB4D2252422B6AE00A46C04 /* Release */ = {
			isa = XCBuildConfiguration;
			buildSettings = {
				CODE_SIGN_STYLE = Automatic;
				PRODUCT_NAME = "$(TARGET_NAME)";
			};
			name = Release;
		};
/* End XCBuildConfiguration section */

/* Begin XCConfigurationList section */
		EDB4D2172422B6AD00A46C04 /* Build configuration list for PBXProject "gare_aux_chats" */ = {
			isa = XCConfigurationList;
			buildConfigurations = (
				EDB4D2212422B6AE00A46C04 /* Debug */,
				EDB4D2222422B6AE00A46C04 /* Release */,
			);
			defaultConfigurationIsVisible = 0;
			defaultConfigurationName = Release;
		};
		EDB4D2232422B6AE00A46C04 /* Build configuration list for PBXNativeTarget "gare_aux_chats" */ = {
			isa = XCConfigurationList;
			buildConfigurations = (
				EDB4D2242422B6AE00A46C04 /* Debug */,
				EDB4D2252422B6AE00A46C04 /* Release */,
			);
			defaultConfigurationIsVisible = 0;
			defaultConfigurationName = Release;
		};
/* End XCConfigurationList section */
	};
	rootObject = EDB4D2142422B6AD00A46C04 /* Project object */;
}
